
Microsoft Visual Studio Solution File, Format Version 12.00
# Visual Studio Version 16
VisualStudioVersion = 16.0.29409.12
MinimumVisualStudioVersion = 10.0.40219.1
Project("{9A19103F-16F7-4668-BE54-9A1E7A4F7556}") = "Athlos.Web", "Athlos.Web\Athlos.Web.csproj", "{A091FCEC-D545-45CE-B163-6B2010FE3A92}"
EndProject
Project("{FAE04EC0-301F-11D3-BF4B-00C04F79EFBC}") = "Athlos.Domain", "Athlos.Domain\Athlos.Domain.csproj", "{6E816FFA-41BC-4F34-8D42-E051E2D80C30}"
EndProject
Project("{FAE04EC0-301F-11D3-BF4B-00C04F79EFBC}") = "Athlos.Command", "Athlos.Command\Athlos.Command.csproj", "{12A27483-AF9F-4373-ADE0-5DDBA9E1B026}"
EndProject
Project("{FAE04EC0-301F-11D3-BF4B-00C04F79EFBC}") = "Athlos.Query", "Athlos.Query\Athlos.Query.csproj", "{06C1EA66-A0F5-4EED-8C5D-0002C42C018A}"
EndProject
Global
	GlobalSection(SolutionConfigurationPlatforms) = preSolution
		Debug|Any CPU = Debug|Any CPU
		Release|Any CPU = Release|Any CPU
	EndGlobalSection
	GlobalSection(ProjectConfigurationPlatforms) = postSolution
		{A091FCEC-D545-45CE-B163-6B2010FE3A92}.Debug|Any CPU.ActiveCfg = Debug|Any CPU
		{A091FCEC-D545-45CE-B163-6B2010FE3A92}.Debug|Any CPU.Build.0 = Debug|Any CPU
		{A091FCEC-D545-45CE-B163-6B2010FE3A92}.Release|Any CPU.ActiveCfg = Release|Any CPU
		{A091FCEC-D545-45CE-B163-6B2010FE3A92}.Release|Any CPU.Build.0 = Release|Any CPU
		{6E816FFA-41BC-4F34-8D42-E051E2D80C30}.Debug|Any CPU.ActiveCfg = Debug|Any CPU
		{6E816FFA-41BC-4F34-8D42-E051E2D80C30}.Debug|Any CPU.Build.0 = Debug|Any CPU
		{6E816FFA-41BC-4F34-8D42-E051E2D80C30}.Release|Any CPU.ActiveCfg = Release|Any CPU
		{6E816FFA-41BC-4F34-8D42-E051E2D80C30}.Release|Any CPU.Build.0 = Release|Any CPU
		{12A27483-AF9F-4373-ADE0-5DDBA9E1B026}.Debug|Any CPU.ActiveCfg = Debug|Any CPU
		{12A27483-AF9F-4373-ADE0-5DDBA9E1B026}.Debug|Any CPU.Build.0 = Debug|Any CPU
		{12A27483-AF9F-4373-ADE0-5DDBA9E1B026}.Release|Any CPU.ActiveCfg = Release|Any CPU
		{12A27483-AF9F-4373-ADE0-5DDBA9E1B026}.Release|Any CPU.Build.0 = Release|Any CPU
		{06C1EA66-A0F5-4EED-8C5D-0002C42C018A}.Debug|Any CPU.ActiveCfg = Debug|Any CPU
		{06C1EA66-A0F5-4EED-8C5D-0002C42C018A}.Debug|Any CPU.Build.0 = Debug|Any CPU
		{06C1EA66-A0F5-4EED-8C5D-0002C42C018A}.Release|Any CPU.ActiveCfg = Release|Any CPU
		{06C1EA66-A0F5-4EED-8C5D-0002C42C018A}.Release|Any CPU.Build.0 = Release|Any CPU
	EndGlobalSection
	GlobalSection(SolutionProperties) = preSolution
		HideSolutionNode = FALSE
	EndGlobalSection
	GlobalSection(ExtensibilityGlobals) = postSolution
		SolutionGuid = {BF50DF4B-CA7F-485A-84E5-1F6CD06B405C}
	EndGlobalSection
EndGlobal
